
Microsoft Visual Studio Solution File, Format Version 12.00
# Visual Studio Version 17
VisualStudioVersion = 17.10.35013.160
MinimumVisualStudioVersion = 10.0.40219.1
Project("{FAE04EC0-301F-11D3-BF4B-00C04F79EFBC}") = "ConverExchange_HW_12_05", "ConverExchange_HW_12_05\ConverExchange_HW_12_05.csproj", "{F5417E2C-6F38-4612-AA05-5C56D891B5C0}"
EndProject
Global
	GlobalSection(SolutionConfigurationPlatforms) = preSolution
		Debug|Any CPU = Debug|Any CPU
		Release|Any CPU = Release|Any CPU
	EndGlobalSection
	GlobalSection(ProjectConfigurationPlatforms) = postSolution
		{F5417E2C-6F38-4612-AA05-5C56D891B5C0}.Debug|Any CPU.ActiveCfg = Debug|Any CPU
		{F5417E2C-6F38-4612-AA05-5C56D891B5C0}.Debug|Any CPU.Build.0 = Debug|Any CPU
		{F5417E2C-6F38-4612-AA05-5C56D891B5C0}.Release|Any CPU.ActiveCfg = Release|Any CPU
		{F5417E2C-6F38-4612-AA05-5C56D891B5C0}.Release|Any CPU.Build.0 = Release|Any CPU
	EndGlobalSection
	GlobalSection(SolutionProperties) = preSolution
		HideSolutionNode = FALSE
	EndGlobalSection
	GlobalSection(ExtensibilityGlobals) = postSolution
		SolutionGuid = {0A194072-85F6-4657-9E9B-3B7D8F56FFE6}
	EndGlobalSection
EndGlobal
